// !$*UTF8*$!
{
	archiveVersion = 1;
	classes = {
	};
	objectVersion = 46;
	objects = {

/* Begin PBXBuildFile section */
		1D46592519541C2B00FA792B /* Foundation.framework in Frameworks */ = {isa = PBXBuildFile; fileRef = 1D46592419541C2B00FA792B /* Foundation.framework */; };
		1D46592719541C2B00FA792B /* CoreGraphics.framework in Frameworks */ = {isa = PBXBuildFile; fileRef = 1D46592619541C2B00FA792B /* CoreGraphics.framework */; };
		1D46592919541C2B00FA792B /* UIKit.framework in Frameworks */ = {isa = PBXBuildFile; fileRef = 1D46592819541C2B00FA792B /* UIKit.framework */; };
		1D46592F19541C2B00FA792B /* InfoPlist.strings in Resources */ = {isa = PBXBuildFile; fileRef = 1D46592D19541C2B00FA792B /* InfoPlist.strings */; };
		1D46593119541C2B00FA792B /* main.m in Sources */ = {isa = PBXBuildFile; fileRef = 1D46593019541C2B00FA792B /* main.m */; };
		1D46593519541C2B00FA792B /* CRAppDelegate.m in Sources */ = {isa = PBXBuildFile; fileRef = 1D46593419541C2B00FA792B /* CRAppDelegate.m */; };
		1D46593819541C2B00FA792B /* Main.storyboard in Resources */ = {isa = PBXBuildFile; fileRef = 1D46593619541C2B00FA792B /* Main.storyboard */; };
		1D46593B19541C2B00FA792B /* CRViewController.m in Sources */ = {isa = PBXBuildFile; fileRef = 1D46593A19541C2B00FA792B /* CRViewController.m */; };
		1D46593D19541C2B00FA792B /* Images.xcassets in Resources */ = {isa = PBXBuildFile; fileRef = 1D46593C19541C2B00FA792B /* Images.xcassets */; };
		1D46594419541C2B00FA792B /* XCTest.framework in Frameworks */ = {isa = PBXBuildFile; fileRef = 1D46594319541C2B00FA792B /* XCTest.framework */; };
		1D46594519541C2B00FA792B /* Foundation.framework in Frameworks */ = {isa = PBXBuildFile; fileRef = 1D46592419541C2B00FA792B /* Foundation.framework */; };
		1D46594619541C2B00FA792B /* UIKit.framework in Frameworks */ = {isa = PBXBuildFile; fileRef = 1D46592819541C2B00FA792B /* UIKit.framework */; };
		1D46594E19541C2B00FA792B /* InfoPlist.strings in Resources */ = {isa = PBXBuildFile; fileRef = 1D46594C19541C2B00FA792B /* InfoPlist.strings */; };
		1D46595019541C2B00FA792B /* ControllerTransitionsTests.m in Sources */ = {isa = PBXBuildFile; fileRef = 1D46594F19541C2B00FA792B /* ControllerTransitionsTests.m */; };
/* End PBXBuildFile section */

/* Begin PBXContainerItemProxy section */
		1D46594719541C2B00FA792B /* PBXContainerItemProxy */ = {
			isa = PBXContainerItemProxy;
			containerPortal = 1D46591919541C2B00FA792B /* Project object */;
			proxyType = 1;
			remoteGlobalIDString = 1D46592019541C2B00FA792B;
			remoteInfo = ControllerTransitions;
		};
/* End PBXContainerItemProxy section */

/* Begin PBXFileReference section */
		1D46592119541C2B00FA792B /* ControllerTransitions.app */ = {isa = PBXFileReference; explicitFileType = wrapper.application; includeInIndex = 0; path = ControllerTransitions.app; sourceTree = BUILT_PRODUCTS_DIR; };
		1D46592419541C2B00FA792B /* Foundation.framework */ = {isa = PBXFileReference; lastKnownFileType = wrapper.framework; name = Foundation.framework; path = System/Library/Frameworks/Foundation.framework; sourceTree = SDKROOT; };
		1D46592619541C2B00FA792B /* CoreGraphics.framework */ = {isa = PBXFileReference; lastKnownFileType = wrapper.framework; name = CoreGraphics.framework; path = System/Library/Frameworks/CoreGraphics.framework; sourceTree = SDKROOT; };
		1D46592819541C2B00FA792B /* UIKit.framework */ = {isa = PBXFileReference; lastKnownFileType = wrapper.framework; name = UIKit.framework; path = System/Library/Frameworks/UIKit.framework; sourceTree = SDKROOT; };
		1D46592C19541C2B00FA792B /* ControllerTransitions-Info.plist */ = {isa = PBXFileReference; lastKnownFileType = text.plist.xml; path = "ControllerTransitions-Info.plist"; sourceTree = "<group>"; };
		1D46592E19541C2B00FA792B /* en */ = {isa = PBXFileReference; lastKnownFileType = text.plist.strings; name = en; path = en.lproj/InfoPlist.strings; sourceTree = "<group>"; };
		1D46593019541C2B00FA792B /* main.m */ = {isa = PBXFileReference; lastKnownFileType = sourcecode.c.objc; path = main.m; sourceTree = "<group>"; };
		1D46593219541C2B00FA792B /* ControllerTransitions-Prefix.pch */ = {isa = PBXFileReference; lastKnownFileType = sourcecode.c.h; path = "ControllerTransitions-Prefix.pch"; sourceTree = "<group>"; };
		1D46593319541C2B00FA792B /* CRAppDelegate.h */ = {isa = PBXFileReference; lastKnownFileType = sourcecode.c.h; path = CRAppDelegate.h; sourceTree = "<group>"; };
		1D46593419541C2B00FA792B /* CRAppDelegate.m */ = {isa = PBXFileReference; lastKnownFileType = sourcecode.c.objc; path = CRAppDelegate.m; sourceTree = "<group>"; };
		1D46593719541C2B00FA792B /* Base */ = {isa = PBXFileReference; lastKnownFileType = file.storyboard; name = Base; path = Base.lproj/Main.storyboard; sourceTree = "<group>"; };
		1D46593919541C2B00FA792B /* CRViewController.h */ = {isa = PBXFileReference; lastKnownFileType = sourcecode.c.h; path = CRViewController.h; sourceTree = "<group>"; };
		1D46593A19541C2B00FA792B /* CRViewController.m */ = {isa = PBXFileReference; lastKnownFileType = sourcecode.c.objc; path = CRViewController.m; sourceTree = "<group>"; };
		1D46593C19541C2B00FA792B /* Images.xcassets */ = {isa = PBXFileReference; lastKnownFileType = folder.assetcatalog; path = Images.xcassets; sourceTree = "<group>"; };
		1D46594219541C2B00FA792B /* ControllerTransitionsTests.xctest */ = {isa = PBXFileReference; explicitFileType = wrapper.cfbundle; includeInIndex = 0; path = ControllerTransitionsTests.xctest; sourceTree = BUILT_PRODUCTS_DIR; };
		1D46594319541C2B00FA792B /* XCTest.framework */ = {isa = PBXFileReference; lastKnownFileType = wrapper.framework; name = XCTest.framework; path = Library/Frameworks/XCTest.framework; sourceTree = DEVELOPER_DIR; };
		1D46594B19541C2B00FA792B /* ControllerTransitionsTests-Info.plist */ = {isa = PBXFileReference; lastKnownFileType = text.plist.xml; path = "ControllerTransitionsTests-Info.plist"; sourceTree = "<group>"; };
		1D46594D19541C2B00FA792B /* en */ = {isa = PBXFileReference; lastKnownFileType = text.plist.strings; name = en; path = en.lproj/InfoPlist.strings; sourceTree = "<group>"; };
		1D46594F19541C2B00FA792B /* ControllerTransitionsTests.m */ = {isa = PBXFileReference; lastKnownFileType = sourcecode.c.objc; path = ControllerTransitionsTests.m; sourceTree = "<group>"; };
/* End PBXFileReference section */

/* Begin PBXFrameworksBuildPhase section */
		1D46591E19541C2B00FA792B /* Frameworks */ = {
			isa = PBXFrameworksBuildPhase;
			buildActionMask = 2147483647;
			files = (
				1D46592719541C2B00FA792B /* CoreGraphics.framework in Frameworks */,
				1D46592919541C2B00FA792B /* UIKit.framework in Frameworks */,
				1D46592519541C2B00FA792B /* Foundation.framework in Frameworks */,
			);
			runOnlyForDeploymentPostprocessing = 0;
		};
		1D46593F19541C2B00FA792B /* Frameworks */ = {
			isa = PBXFrameworksBuildPhase;
			buildActionMask = 2147483647;
			files = (
				1D46594419541C2B00FA792B /* XCTest.framework in Frameworks */,
				1D46594619541C2B00FA792B /* UIKit.framework in Frameworks */,
				1D46594519541C2B00FA792B /* Foundation.framework in Frameworks */,
			);
			runOnlyForDeploymentPostprocessing = 0;
		};
/* End PBXFrameworksBuildPhase section */

/* Begin PBXGroup section */
		1D46591819541C2B00FA792B = {
			isa = PBXGroup;
			children = (
				1D46592A19541C2B00FA792B /* ControllerTransitions */,
				1D46594919541C2B00FA792B /* ControllerTransitionsTests */,
				1D46592319541C2B00FA792B /* Frameworks */,
				1D46592219541C2B00FA792B /* Products */,
			);
			sourceTree = "<group>";
		};
		1D46592219541C2B00FA792B /* Products */ = {
			isa = PBXGroup;
			children = (
				1D46592119541C2B00FA792B /* ControllerTransitions.app */,
				1D46594219541C2B00FA792B /* ControllerTransitionsTests.xctest */,
			);
			name = Products;
			sourceTree = "<group>";
		};
		1D46592319541C2B00FA792B /* Frameworks */ = {
			isa = PBXGroup;
			children = (
				1D46592419541C2B00FA792B /* Foundation.framework */,
				1D46592619541C2B00FA792B /* CoreGraphics.framework */,
				1D46592819541C2B00FA792B /* UIKit.framework */,
				1D46594319541C2B00FA792B /* XCTest.framework */,
			);
			name = Frameworks;
			sourceTree = "<group>";
		};
		1D46592A19541C2B00FA792B /* ControllerTransitions */ = {
			isa = PBXGroup;
			children = (
				1D46593319541C2B00FA792B /* CRAppDelegate.h */,
				1D46593419541C2B00FA792B /* CRAppDelegate.m */,
				1D46593619541C2B00FA792B /* Main.storyboard */,
				1D46593919541C2B00FA792B /* CRViewController.h */,
				1D46593A19541C2B00FA792B /* CRViewController.m */,
				1D46593C19541C2B00FA792B /* Images.xcassets */,
				1D46592B19541C2B00FA792B /* Supporting Files */,
			);
			path = ControllerTransitions;
			sourceTree = "<group>";
		};
		1D46592B19541C2B00FA792B /* Supporting Files */ = {
			isa = PBXGroup;
			children = (
				1D46592C19541C2B00FA792B /* ControllerTransitions-Info.plist */,
				1D46592D19541C2B00FA792B /* InfoPlist.strings */,
				1D46593019541C2B00FA792B /* main.m */,
				1D46593219541C2B00FA792B /* ControllerTransitions-Prefix.pch */,
			);
			name = "Supporting Files";
			sourceTree = "<group>";
		};
		1D46594919541C2B00FA792B /* ControllerTransitionsTests */ = {
			isa = PBXGroup;
			children = (
				1D46594F19541C2B00FA792B /* ControllerTransitionsTests.m */,
				1D46594A19541C2B00FA792B /* Supporting Files */,
			);
			path = ControllerTransitionsTests;
			sourceTree = "<group>";
		};
		1D46594A19541C2B00FA792B /* Supporting Files */ = {
			isa = PBXGroup;
			children = (
				1D46594B19541C2B00FA792B /* ControllerTransitionsTests-Info.plist */,
				1D46594C19541C2B00FA792B /* InfoPlist.strings */,
			);
			name = "Supporting Files";
			sourceTree = "<group>";
		};
/* End PBXGroup section */

/* Begin PBXNativeTarget section */
		1D46592019541C2B00FA792B /* ControllerTransitions */ = {
			isa = PBXNativeTarget;
			buildConfigurationList = 1D46595319541C2B00FA792B /* Build configuration list for PBXNativeTarget "ControllerTransitions" */;
			buildPhases = (
				1D46591D19541C2B00FA792B /* Sources */,
				1D46591E19541C2B00FA792B /* Frameworks */,
				1D46591F19541C2B00FA792B /* Resources */,
			);
			buildRules = (
			);
			dependencies = (
			);
			name = ControllerTransitions;
			productName = ControllerTransitions;
			productReference = 1D46592119541C2B00FA792B /* ControllerTransitions.app */;
			productType = "com.apple.product-type.application";
		};
		1D46594119541C2B00FA792B /* ControllerTransitionsTests */ = {
			isa = PBXNativeTarget;
			buildConfigurationList = 1D46595619541C2B00FA792B /* Build configuration list for PBXNativeTarget "ControllerTransitionsTests" */;
			buildPhases = (
				1D46593E19541C2B00FA792B /* Sources */,
				1D46593F19541C2B00FA792B /* Frameworks */,
				1D46594019541C2B00FA792B /* Resources */,
			);
			buildRules = (
			);
			dependencies = (
				1D46594819541C2B00FA792B /* PBXTargetDependency */,
			);
			name = ControllerTransitionsTests;
			productName = ControllerTransitionsTests;
			productReference = 1D46594219541C2B00FA792B /* ControllerTransitionsTests.xctest */;
			productType = "com.apple.product-type.bundle.unit-test";
		};
/* End PBXNativeTarget section */

/* Begin PBXProject section */
		1D46591919541C2B00FA792B /* Project object */ = {
			isa = PBXProject;
			attributes = {
				CLASSPREFIX = CR;
				LastUpgradeCheck = 0510;
				ORGANIZATIONNAME = IronHack;
				TargetAttributes = {
					1D46594119541C2B00FA792B = {
						TestTargetID = 1D46592019541C2B00FA792B;
					};
				};
			};
			buildConfigurationList = 1D46591C19541C2B00FA792B /* Build configuration list for PBXProject "ControllerTransitions" */;
			compatibilityVersion = "Xcode 3.2";
			developmentRegion = English;
			hasScannedForEncodings = 0;
			knownRegions = (
				en,
				Base,
			);
			mainGroup = 1D46591819541C2B00FA792B;
			productRefGroup = 1D46592219541C2B00FA792B /* Products */;
			projectDirPath = "";
			projectRoot = "";
			targets = (
				1D46592019541C2B00FA792B /* ControllerTransitions */,
				1D46594119541C2B00FA792B /* ControllerTransitionsTests */,
			);
		};
/* End PBXProject section */

/* Begin PBXResourcesBuildPhase section */
		1D46591F19541C2B00FA792B /* Resources */ = {
			isa = PBXResourcesBuildPhase;
			buildActionMask = 2147483647;
			files = (
				1D46593D19541C2B00FA792B /* Images.xcassets in Resources */,
				1D46592F19541C2B00FA792B /* InfoPlist.strings in Resources */,
				1D46593819541C2B00FA792B /* Main.storyboard in Resources */,
			);
			runOnlyForDeploymentPostprocessing = 0;
		};
		1D46594019541C2B00FA792B /* Resources */ = {
			isa = PBXResourcesBuildPhase;
			buildActionMask = 2147483647;
			files = (
				1D46594E19541C2B00FA792B /* InfoPlist.strings in Resources */,
			);
			runOnlyForDeploymentPostprocessing = 0;
		};
/* End PBXResourcesBuildPhase section */

/* Begin PBXSourcesBuildPhase section */
		1D46591D19541C2B00FA792B /* Sources */ = {
			isa = PBXSourcesBuildPhase;
			buildActionMask = 2147483647;
			files = (
				1D46593119541C2B00FA792B /* main.m in Sources */,
				1D46593519541C2B00FA792B /* CRAppDelegate.m in Sources */,
				1D46593B19541C2B00FA792B /* CRViewController.m in Sources */,
			);
			runOnlyForDeploymentPostprocessing = 0;
		};
		1D46593E19541C2B00FA792B /* Sources */ = {
			isa = PBXSourcesBuildPhase;
			buildActionMask = 2147483647;
			files = (
				1D46595019541C2B00FA792B /* ControllerTransitionsTests.m in Sources */,
			);
			runOnlyForDeploymentPostprocessing = 0;
		};
/* End PBXSourcesBuildPhase section */

/* Begin PBXTargetDependency section */
		1D46594819541C2B00FA792B /* PBXTargetDependency */ = {
			isa = PBXTargetDependency;
			target = 1D46592019541C2B00FA792B /* ControllerTransitions */;
			targetProxy = 1D46594719541C2B00FA792B /* PBXContainerItemProxy */;
		};
/* End PBXTargetDependency section */

/* Begin PBXVariantGroup section */
		1D46592D19541C2B00FA792B /* InfoPlist.strings */ = {
			isa = PBXVariantGroup;
			children = (
				1D46592E19541C2B00FA792B /* en */,
			);
			name = InfoPlist.strings;
			sourceTree = "<group>";
		};
		1D46593619541C2B00FA792B /* Main.storyboard */ = {
			isa = PBXVariantGroup;
			children = (
				1D46593719541C2B00FA792B /* Base */,
			);
			name = Main.storyboard;
			sourceTree = "<group>";
		};
		1D46594C19541C2B00FA792B /* InfoPlist.strings */ = {
			isa = PBXVariantGroup;
			children = (
				1D46594D19541C2B00FA792B /* en */,
			);
			name = InfoPlist.strings;
			sourceTree = "<group>";
		};
/* End PBXVariantGroup section */

/* Begin XCBuildConfiguration section */
		1D46595119541C2B00FA792B /* Debug */ = {
			isa = XCBuildConfiguration;
			buildSettings = {
				ALWAYS_SEARCH_USER_PATHS = NO;
				CLANG_CXX_LANGUAGE_STANDARD = "gnu++0x";
				CLANG_CXX_LIBRARY = "libc++";
				CLANG_ENABLE_MODULES = YES;
				CLANG_ENABLE_OBJC_ARC = YES;
				CLANG_WARN_BOOL_CONVERSION = YES;
				CLANG_WARN_CONSTANT_CONVERSION = YES;
				CLANG_WARN_DIRECT_OBJC_ISA_USAGE = YES_ERROR;
				CLANG_WARN_EMPTY_BODY = YES;
				CLANG_WARN_ENUM_CONVERSION = YES;
				CLANG_WARN_INT_CONVERSION = YES;
				CLANG_WARN_OBJC_ROOT_CLASS = YES_ERROR;
				CLANG_WARN__DUPLICATE_METHOD_MATCH = YES;
				"CODE_SIGN_IDENTITY[sdk=iphoneos*]" = "iPhone Developer";
				COPY_PHASE_STRIP = NO;
				GCC_C_LANGUAGE_STANDARD = gnu99;
				GCC_DYNAMIC_NO_PIC = NO;
				GCC_OPTIMIZATION_LEVEL = 0;
				GCC_PREPROCESSOR_DEFINITIONS = (
					"DEBUG=1",
					"$(inherited)",
				);
				GCC_SYMBOLS_PRIVATE_EXTERN = NO;
				GCC_WARN_64_TO_32_BIT_CONVERSION = YES;
				GCC_WARN_ABOUT_RETURN_TYPE = YES_ERROR;
				GCC_WARN_UNDECLARED_SELECTOR = YES;
				GCC_WARN_UNINITIALIZED_AUTOS = YES_AGGRESSIVE;
				GCC_WARN_UNUSED_FUNCTION = YES;
				GCC_WARN_UNUSED_VARIABLE = YES;
				IPHONEOS_DEPLOYMENT_TARGET = 7.1;
				ONLY_ACTIVE_ARCH = YES;
				SDKROOT = iphoneos;
			};
			name = Debug;
		};
		1D46595219541C2B00FA792B /* Release */ = {
			isa = XCBuildConfiguration;
			buildSettings = {
				ALWAYS_SEARCH_USER_PATHS = NO;
				CLANG_CXX_LANGUAGE_STANDARD = "gnu++0x";
				CLANG_CXX_LIBRARY = "libc++";
				CLANG_ENABLE_MODULES = YES;
				CLANG_ENABLE_OBJC_ARC = YES;
				CLANG_WARN_BOOL_CONVERSION = YES;
				CLANG_WARN_CONSTANT_CONVERSION = YES;
				CLANG_WARN_DIRECT_OBJC_ISA_USAGE = YES_ERROR;
				CLANG_WARN_EMPTY_BODY = YES;
				CLANG_WARN_ENUM_CONVERSION = YES;
				CLANG_WARN_INT_CONVERSION = YES;
				CLANG_WARN_OBJC_ROOT_CLASS = YES_ERROR;
				CLANG_WARN__DUPLICATE_METHOD_MATCH = YES;
				"CODE_SIGN_IDENTITY[sdk=iphoneos*]" = "iPhone Developer";
				COPY_PHASE_STRIP = YES;
				ENABLE_NS_ASSERTIONS = NO;
				GCC_C_LANGUAGE_STANDARD = gnu99;
				GCC_WARN_64_TO_32_BIT_CONVERSION = YES;
				GCC_WARN_ABOUT_RETURN_TYPE = YES_ERROR;
				GCC_WARN_UNDECLARED_SELECTOR = YES;
				GCC_WARN_UNINITIALIZED_AUTOS = YES_AGGRESSIVE;
				GCC_WARN_UNUSED_FUNCTION = YES;
				GCC_WARN_UNUSED_VARIABLE = YES;
				IPHONEOS_DEPLOYMENT_TARGET = 7.1;
				SDKROOT = iphoneos;
				VALIDATE_PRODUCT = YES;
			};
			name = Release;
		};
		1D46595419541C2B00FA792B /* Debug */ = {
			isa = XCBuildConfiguration;
			buildSettings = {
				ASSETCATALOG_COMPILER_APPICON_NAME = AppIcon;
				ASSETCATALOG_COMPILER_LAUNCHIMAGE_NAME = LaunchImage;
				GCC_PRECOMPILE_PREFIX_HEADER = YES;
				GCC_PREFIX_HEADER = "ControllerTransitions/ControllerTransitions-Prefix.pch";
				INFOPLIST_FILE = "ControllerTransitions/ControllerTransitions-Info.plist";
				PRODUCT_NAME = "$(TARGET_NAME)";
				WRAPPER_EXTENSION = app;
			};
			name = Debug;
		};
		1D46595519541C2B00FA792B /* Release */ = {
			isa = XCBuildConfiguration;
			buildSettings = {
				ASSETCATALOG_COMPILER_APPICON_NAME = AppIcon;
				ASSETCATALOG_COMPILER_LAUNCHIMAGE_NAME = LaunchImage;
				GCC_PRECOMPILE_PREFIX_HEADER = YES;
				GCC_PREFIX_HEADER = "ControllerTransitions/ControllerTransitions-Prefix.pch";
				INFOPLIST_FILE = "ControllerTransitions/ControllerTransitions-Info.plist";
				PRODUCT_NAME = "$(TARGET_NAME)";
				WRAPPER_EXTENSION = app;
			};
			name = Release;
		};
		1D46595719541C2B00FA792B /* Debug */ = {
			isa = XCBuildConfiguration;
			buildSettings = {
				BUNDLE_LOADER = "$(BUILT_PRODUCTS_DIR)/ControllerTransitions.app/ControllerTransitions";
				FRAMEWORK_SEARCH_PATHS = (
					"$(SDKROOT)/Developer/Library/Frameworks",
					"$(inherited)",
					"$(DEVELOPER_FRAMEWORKS_DIR)",
				);
				GCC_PRECOMPILE_PREFIX_HEADER = YES;
				GCC_PREFIX_HEADER = "ControllerTransitions/ControllerTransitions-Prefix.pch";
				GCC_PREPROCESSOR_DEFINITIONS = (
					"DEBUG=1",
					"$(inherited)",
				);
				INFOPLIST_FILE = "ControllerTransitionsTests/ControllerTransitionsTests-Info.plist";
				PRODUCT_NAME = "$(TARGET_NAME)";
				TEST_HOST = "$(BUNDLE_LOADER)";
				WRAPPER_EXTENSION = xctest;
			};
			name = Debug;
		};
		1D46595819541C2B00FA792B /* Release */ = {
			isa = XCBuildConfiguration;
			buildSettings = {
				BUNDLE_LOADER = "$(BUILT_PRODUCTS_DIR)/ControllerTransitions.app/ControllerTransitions";
				FRAMEWORK_SEARCH_PATHS = (
					"$(SDKROOT)/Developer/Library/Frameworks",
					"$(inherited)",
					"$(DEVELOPER_FRAMEWORKS_DIR)",
				);
				GCC_PRECOMPILE_PREFIX_HEADER = YES;
				GCC_PREFIX_HEADER = "ControllerTransitions/ControllerTransitions-Prefix.pch";
				INFOPLIST_FILE = "ControllerTransitionsTests/ControllerTransitionsTests-Info.plist";
				PRODUCT_NAME = "$(TARGET_NAME)";
				TEST_HOST = "$(BUNDLE_LOADER)";
				WRAPPER_EXTENSION = xctest;
			};
			name = Release;
		};
/* End XCBuildConfiguration section */

/* Begin XCConfigurationList section */
		1D46591C19541C2B00FA792B /* Build configuration list for PBXProject "ControllerTransitions" */ = {
			isa = XCConfigurationList;
			buildConfigurations = (
				1D46595119541C2B00FA792B /* Debug */,
				1D46595219541C2B00FA792B /* Release */,
			);
			defaultConfigurationIsVisible = 0;
			defaultConfigurationName = Release;
		};
		1D46595319541C2B00FA792B /* Build configuration list for PBXNativeTarget "ControllerTransitions" */ = {
			isa = XCConfigurationList;
			buildConfigurations = (
				1D46595419541C2B00FA792B /* Debug */,
				1D46595519541C2B00FA792B /* Release */,
			);
			defaultConfigurationIsVisible = 0;
		};
		1D46595619541C2B00FA792B /* Build configuration list for PBXNativeTarget "ControllerTransitionsTests" */ = {
			isa = XCConfigurationList;
			buildConfigurations = (
				1D46595719541C2B00FA792B /* Debug */,
				1D46595819541C2B00FA792B /* Release */,
			);
			defaultConfigurationIsVisible = 0;
		};
/* End XCConfigurationList section */
	};
	rootObject = 1D46591919541C2B00FA792B /* Project object */;
}
